lockfileVersion: 5.4

specifiers:
  animate.css: ^4.1.1
  bootstrap: ^5.2.3
  jquery: ^3.6.4
  waypoint: ^0.2.8

dependencies:
  animate.css: 4.1.1
  bootstrap: 5.2.3
  jquery: 3.6.4
  waypoint: 0.2.8

packages:

  /animate.css/4.1.1:
    resolution: {integrity: sha512-+mRmCTv6SbCmtYJCN4faJMNFVNN5EuCTTprDTAo7YzIGji2KADmakjVA3+8mVDkZ2Bf09vayB35lSQIex2+QaQ==}
    dev: false

  /bootstrap/5.2.3:
    resolution: {integrity: sha512-cEKPM+fwb3cT8NzQZYEu4HilJ3anCrWqh3CHAok1p9jXqMPsPTBhU25fBckEJHJ/p+tTxTFTsFQGM+gaHpi3QQ==}
    peerDependencies:
      '@popperjs/core': ^2.11.6
    dev: false

  /jquery/3.6.4:
    resolution: {integrity: sha512-v28EW9DWDFpzcD9O5iyJXg3R3+q+mET5JhnjJzQUZMHOv67bpSIHq81GEYpPNZHG+XXHsfSme3nxp/hndKEcsQ==}
    dev: false

  /waypoint/0.2.8:
    resolution: {integrity: sha512-zHKDnsQyd4X1FxJKb2WWLmb/tE1i4DLCbzQsa8jykyrPgvuQ8cjmXX/jboXcKr57VyIAU2pAI5aqAXjepE99gQ==}
    engines: {node: ~0.6.3}
    dev: false
